
Microsoft Visual Studio Solution File, Format Version 12.00
# Visual Studio 15
VisualStudioVersion = 15.0.28307.705
MinimumVisualStudioVersion = 10.0.40219.1
Project("{9A19103F-16F7-4668-BE54-9A1E7A4F7556}") = "User.API", "User.API\User.API.csproj", "{32F364D0-0E33-4D5A-82ED-50CFC3BDC529}"
EndProject
Project("{9A19103F-16F7-4668-BE54-9A1E7A4F7556}") = "EntityModels", "EntityModels\EntityModels.csproj", "{B92A66C1-106B-4B2B-A360-8EDD2483FC40}"
EndProject
Project("{9A19103F-16F7-4668-BE54-9A1E7A4F7556}") = "IdentityService", "IdentityService\IdentityService.csproj", "{343370D4-BF94-4134-ABC9-1EF0C8627B18}"
EndProject
Project("{9A19103F-16F7-4668-BE54-9A1E7A4F7556}") = "API.Gateway", "API.Gateway\API.Gateway.csproj", "{B62EE8A1-8E01-41A8-B2EB-1415B8A28E61}"
EndProject
Project("{2150E333-8FDC-42A3-9474-1A3956D46DE8}") = "BuildingBlocks", "BuildingBlocks", "{D986C5FB-0B9B-4D5E-8777-4B0B066DB8C3}"
EndProject
Project("{9A19103F-16F7-4668-BE54-9A1E7A4F7556}") = "Resilience", "Resilience\Resilience.csproj", "{C02A2179-FDFD-448D-8678-ED3D5782E78C}"
EndProject
Global
	GlobalSection(SolutionConfigurationPlatforms) = preSolution
		Debug|Any CPU = Debug|Any CPU
		Release|Any CPU = Release|Any CPU
	EndGlobalSection
	GlobalSection(ProjectConfigurationPlatforms) = postSolution
		{32F364D0-0E33-4D5A-82ED-50CFC3BDC529}.Debug|Any CPU.ActiveCfg = Debug|Any CPU
		{32F364D0-0E33-4D5A-82ED-50CFC3BDC529}.Debug|Any CPU.Build.0 = Debug|Any CPU
		{32F364D0-0E33-4D5A-82ED-50CFC3BDC529}.Release|Any CPU.ActiveCfg = Release|Any CPU
		{32F364D0-0E33-4D5A-82ED-50CFC3BDC529}.Release|Any CPU.Build.0 = Release|Any CPU
		{B92A66C1-106B-4B2B-A360-8EDD2483FC40}.Debug|Any CPU.ActiveCfg = Debug|Any CPU
		{B92A66C1-106B-4B2B-A360-8EDD2483FC40}.Debug|Any CPU.Build.0 = Debug|Any CPU
		{B92A66C1-106B-4B2B-A360-8EDD2483FC40}.Release|Any CPU.ActiveCfg = Release|Any CPU
		{B92A66C1-106B-4B2B-A360-8EDD2483FC40}.Release|Any CPU.Build.0 = Release|Any CPU
		{343370D4-BF94-4134-ABC9-1EF0C8627B18}.Debug|Any CPU.ActiveCfg = Debug|Any CPU
		{343370D4-BF94-4134-ABC9-1EF0C8627B18}.Debug|Any CPU.Build.0 = Debug|Any CPU
		{343370D4-BF94-4134-ABC9-1EF0C8627B18}.Release|Any CPU.ActiveCfg = Release|Any CPU
		{343370D4-BF94-4134-ABC9-1EF0C8627B18}.Release|Any CPU.Build.0 = Release|Any CPU
		{B62EE8A1-8E01-41A8-B2EB-1415B8A28E61}.Debug|Any CPU.ActiveCfg = Debug|Any CPU
		{B62EE8A1-8E01-41A8-B2EB-1415B8A28E61}.Debug|Any CPU.Build.0 = Debug|Any CPU
		{B62EE8A1-8E01-41A8-B2EB-1415B8A28E61}.Release|Any CPU.ActiveCfg = Release|Any CPU
		{B62EE8A1-8E01-41A8-B2EB-1415B8A28E61}.Release|Any CPU.Build.0 = Release|Any CPU
		{C02A2179-FDFD-448D-8678-ED3D5782E78C}.Debug|Any CPU.ActiveCfg = Debug|Any CPU
		{C02A2179-FDFD-448D-8678-ED3D5782E78C}.Debug|Any CPU.Build.0 = Debug|Any CPU
		{C02A2179-FDFD-448D-8678-ED3D5782E78C}.Release|Any CPU.ActiveCfg = Release|Any CPU
		{C02A2179-FDFD-448D-8678-ED3D5782E78C}.Release|Any CPU.Build.0 = Release|Any CPU
	EndGlobalSection
	GlobalSection(SolutionProperties) = preSolution
		HideSolutionNode = FALSE
	EndGlobalSection
	GlobalSection(NestedProjects) = preSolution
		{C02A2179-FDFD-448D-8678-ED3D5782E78C} = {D986C5FB-0B9B-4D5E-8777-4B0B066DB8C3}
	EndGlobalSection
	GlobalSection(ExtensibilityGlobals) = postSolution
		SolutionGuid = {84565735-51E4-4A79-8F7D-BCC9DE7BCD08}
	EndGlobalSection
EndGlobal
