
Microsoft Visual Studio Solution File, Format Version 12.00
# Visual Studio 15
VisualStudioVersion = 15.0.28307.705
MinimumVisualStudioVersion = 10.0.40219.1
Project("{9A19103F-16F7-4668-BE54-9A1E7A4F7556}") = "User.API", "User.API\User.API.csproj", "{32F364D0-0E33-4D5A-82ED-50CFC3BDC529}"
EndProject
Project("{9A19103F-16F7-4668-BE54-9A1E7A4F7556}") = "EntityModels", "EntityModels\EntityModels.csproj", "{B92A66C1-106B-4B2B-A360-8EDD2483FC40}"
EndProject
Project("{FAE04EC0-301F-11D3-BF4B-00C04F79EFBC}") = "IdentityService", "IdentityService\IdentityService.csproj", "{343370D4-BF94-4134-ABC9-1EF0C8627B18}"
EndProject
Global
	GlobalSection(SolutionConfigurationPlatforms) = preSolution
		Debug|Any CPU = Debug|Any CPU
		Release|Any CPU = Release|Any CPU
	EndGlobalSection
	GlobalSection(ProjectConfigurationPlatforms) = postSolution
		{32F364D0-0E33-4D5A-82ED-50CFC3BDC529}.Debug|Any CPU.ActiveCfg = Debug|Any CPU
		{32F364D0-0E33-4D5A-82ED-50CFC3BDC529}.Debug|Any CPU.Build.0 = Debug|Any CPU
		{32F364D0-0E33-4D5A-82ED-50CFC3BDC529}.Release|Any CPU.ActiveCfg = Release|Any CPU
		{32F364D0-0E33-4D5A-82ED-50CFC3BDC529}.Release|Any CPU.Build.0 = Release|Any CPU
		{B92A66C1-106B-4B2B-A360-8EDD2483FC40}.Debug|Any CPU.ActiveCfg = Debug|Any CPU
		{B92A66C1-106B-4B2B-A360-8EDD2483FC40}.Debug|Any CPU.Build.0 = Debug|Any CPU
		{B92A66C1-106B-4B2B-A360-8EDD2483FC40}.Release|Any CPU.ActiveCfg = Release|Any CPU
		{B92A66C1-106B-4B2B-A360-8EDD2483FC40}.Release|Any CPU.Build.0 = Release|Any CPU
		{343370D4-BF94-4134-ABC9-1EF0C8627B18}.Debug|Any CPU.ActiveCfg = Debug|Any CPU
		{343370D4-BF94-4134-ABC9-1EF0C8627B18}.Debug|Any CPU.Build.0 = Debug|Any CPU
		{343370D4-BF94-4134-ABC9-1EF0C8627B18}.Release|Any CPU.ActiveCfg = Release|Any CPU
		{343370D4-BF94-4134-ABC9-1EF0C8627B18}.Release|Any CPU.Build.0 = Release|Any CPU
	EndGlobalSection
	GlobalSection(SolutionProperties) = preSolution
		HideSolutionNode = FALSE
	EndGlobalSection
	GlobalSection(ExtensibilityGlobals) = postSolution
		SolutionGuid = {84565735-51E4-4A79-8F7D-BCC9DE7BCD08}
	EndGlobalSection
EndGlobal
